// !$*UTF8*$!
{
	archiveVersion = 1;
	classes = {
	};
	objectVersion = 55;
	objects = {

/* Begin PBXBuildFile section */
		502AAB81287D266D00F2CBF7 /* AppDelegate.swift in Sources */ = {isa = PBXBuildFile; fileRef = 502AAB80287D266D00F2CBF7 /* AppDelegate.swift */; };
		502AAB83287D266D00F2CBF7 /* SceneDelegate.swift in Sources */ = {isa = PBXBuildFile; fileRef = 502AAB82287D266D00F2CBF7 /* SceneDelegate.swift */; };
		502AAB8A287D266E00F2CBF7 /* Assets.xcassets in Resources */ = {isa = PBXBuildFile; fileRef = 502AAB89287D266E00F2CBF7 /* Assets.xcassets */; };
		502AAB8D287D266E00F2CBF7 /* LaunchScreen.storyboard in Resources */ = {isa = PBXBuildFile; fileRef = 502AAB8B287D266E00F2CBF7 /* LaunchScreen.storyboard */; };
		502AABE9287E1C4700F2CBF7 /* Domain.framework in Frameworks */ = {isa = PBXBuildFile; fileRef = 502AABE8287E1C4700F2CBF7 /* Domain.framework */; };
		502AABEA287E1C4700F2CBF7 /* Domain.framework in Embed Frameworks */ = {isa = PBXBuildFile; fileRef = 502AABE8287E1C4700F2CBF7 /* Domain.framework */; settings = {ATTRIBUTES = (CodeSignOnCopy, RemoveHeadersOnCopy, ); }; };
		502AABEE287E1EC600F2CBF7 /* NewsPresenter.swift in Sources */ = {isa = PBXBuildFile; fileRef = 502AABED287E1EC600F2CBF7 /* NewsPresenter.swift */; };
		502AABF1287E1FCC00F2CBF7 /* NewsViewController.swift in Sources */ = {isa = PBXBuildFile; fileRef = 502AABEF287E1FCC00F2CBF7 /* NewsViewController.swift */; };
		502AABF2287E1FCC00F2CBF7 /* NewsViewController.xib in Resources */ = {isa = PBXBuildFile; fileRef = 502AABF0287E1FCC00F2CBF7 /* NewsViewController.xib */; };
		502AABF4287E20CE00F2CBF7 /* NewsRouter.swift in Sources */ = {isa = PBXBuildFile; fileRef = 502AABF3287E20CE00F2CBF7 /* NewsRouter.swift */; };
		502AABF6287E211500F2CBF7 /* NewsConfigurator.swift in Sources */ = {isa = PBXBuildFile; fileRef = 502AABF5287E211500F2CBF7 /* NewsConfigurator.swift */; };
		502AAC1D287E7C4200F2CBF7 /* NewTableViewCell.swift in Sources */ = {isa = PBXBuildFile; fileRef = 502AAC1B287E7C4200F2CBF7 /* NewTableViewCell.swift */; };
		502AAC1E287E7C4200F2CBF7 /* NewTableViewCell.xib in Resources */ = {isa = PBXBuildFile; fileRef = 502AAC1C287E7C4200F2CBF7 /* NewTableViewCell.xib */; };
		502AAC21287E7C9800F2CBF7 /* DetailNewViewController.swift in Sources */ = {isa = PBXBuildFile; fileRef = 502AAC1F287E7C9800F2CBF7 /* DetailNewViewController.swift */; };
		502AAC22287E7C9800F2CBF7 /* DetailNewViewController.xib in Resources */ = {isa = PBXBuildFile; fileRef = 502AAC20287E7C9800F2CBF7 /* DetailNewViewController.xib */; };
/* End PBXBuildFile section */

/* Begin PBXCopyFilesBuildPhase section */
		502AABEB287E1C4700F2CBF7 /* Embed Frameworks */ = {
			isa = PBXCopyFilesBuildPhase;
			buildActionMask = 2147483647;
			dstPath = "";
			dstSubfolderSpec = 10;
			files = (
				502AABEA287E1C4700F2CBF7 /* Domain.framework in Embed Frameworks */,
			);
			name = "Embed Frameworks";
			runOnlyForDeploymentPostprocessing = 0;
		};
/* End PBXCopyFilesBuildPhase section */

/* Begin PBXFileReference section */
		502AAB7D287D266D00F2CBF7 /* Presentation.app */ = {isa = PBXFileReference; explicitFileType = wrapper.application; includeInIndex = 0; path = Presentation.app; sourceTree = BUILT_PRODUCTS_DIR; };
		502AAB80287D266D00F2CBF7 /* AppDelegate.swift */ = {isa = PBXFileReference; lastKnownFileType = sourcecode.swift; path = AppDelegate.swift; sourceTree = "<group>"; };
		502AAB82287D266D00F2CBF7 /* SceneDelegate.swift */ = {isa = PBXFileReference; lastKnownFileType = sourcecode.swift; path = SceneDelegate.swift; sourceTree = "<group>"; };
		502AAB89287D266E00F2CBF7 /* Assets.xcassets */ = {isa = PBXFileReference; lastKnownFileType = folder.assetcatalog; path = Assets.xcassets; sourceTree = "<group>"; };
		502AAB8C287D266E00F2CBF7 /* Base */ = {isa = PBXFileReference; lastKnownFileType = file.storyboard; name = Base; path = Base.lproj/LaunchScreen.storyboard; sourceTree = "<group>"; };
		502AAB8E287D266E00F2CBF7 /* Info.plist */ = {isa = PBXFileReference; lastKnownFileType = text.plist.xml; path = Info.plist; sourceTree = "<group>"; };
		502AABE8287E1C4700F2CBF7 /* Domain.framework */ = {isa = PBXFileReference; explicitFileType = wrapper.framework; path = Domain.framework; sourceTree = BUILT_PRODUCTS_DIR; };
		502AABED287E1EC600F2CBF7 /* NewsPresenter.swift */ = {isa = PBXFileReference; lastKnownFileType = sourcecode.swift; path = NewsPresenter.swift; sourceTree = "<group>"; };
		502AABEF287E1FCC00F2CBF7 /* NewsViewController.swift */ = {isa = PBXFileReference; lastKnownFileType = sourcecode.swift; path = NewsViewController.swift; sourceTree = "<group>"; };
		502AABF0287E1FCC00F2CBF7 /* NewsViewController.xib */ = {isa = PBXFileReference; lastKnownFileType = file.xib; path = NewsViewController.xib; sourceTree = "<group>"; };
		502AABF3287E20CE00F2CBF7 /* NewsRouter.swift */ = {isa = PBXFileReference; lastKnownFileType = sourcecode.swift; path = NewsRouter.swift; sourceTree = "<group>"; };
		502AABF5287E211500F2CBF7 /* NewsConfigurator.swift */ = {isa = PBXFileReference; lastKnownFileType = sourcecode.swift; path = NewsConfigurator.swift; sourceTree = "<group>"; };
		502AAC1B287E7C4200F2CBF7 /* NewTableViewCell.swift */ = {isa = PBXFileReference; lastKnownFileType = sourcecode.swift; path = NewTableViewCell.swift; sourceTree = "<group>"; };
		502AAC1C287E7C4200F2CBF7 /* NewTableViewCell.xib */ = {isa = PBXFileReference; lastKnownFileType = file.xib; path = NewTableViewCell.xib; sourceTree = "<group>"; };
		502AAC1F287E7C9800F2CBF7 /* DetailNewViewController.swift */ = {isa = PBXFileReference; lastKnownFileType = sourcecode.swift; path = DetailNewViewController.swift; sourceTree = "<group>"; };
		502AAC20287E7C9800F2CBF7 /* DetailNewViewController.xib */ = {isa = PBXFileReference; lastKnownFileType = file.xib; path = DetailNewViewController.xib; sourceTree = "<group>"; };
/* End PBXFileReference section */

/* Begin PBXFrameworksBuildPhase section */
		502AAB7A287D266D00F2CBF7 /* Frameworks */ = {
			isa = PBXFrameworksBuildPhase;
			buildActionMask = 2147483647;
			files = (
				502AABE9287E1C4700F2CBF7 /* Domain.framework in Frameworks */,
			);
			runOnlyForDeploymentPostprocessing = 0;
		};
/* End PBXFrameworksBuildPhase section */

/* Begin PBXGroup section */
		502AAB74287D266D00F2CBF7 = {
			isa = PBXGroup;
			children = (
				502AAB7F287D266D00F2CBF7 /* Presentation */,
				502AAB7E287D266D00F2CBF7 /* Products */,
				502AABE7287E1C4700F2CBF7 /* Frameworks */,
			);
			sourceTree = "<group>";
		};
		502AAB7E287D266D00F2CBF7 /* Products */ = {
			isa = PBXGroup;
			children = (
				502AAB7D287D266D00F2CBF7 /* Presentation.app */,
			);
			name = Products;
			sourceTree = "<group>";
		};
		502AAB7F287D266D00F2CBF7 /* Presentation */ = {
			isa = PBXGroup;
			children = (
				502AABEC287E1EA700F2CBF7 /* News */,
				502AAB80287D266D00F2CBF7 /* AppDelegate.swift */,
				502AAB82287D266D00F2CBF7 /* SceneDelegate.swift */,
				502AAB89287D266E00F2CBF7 /* Assets.xcassets */,
				502AAB8B287D266E00F2CBF7 /* LaunchScreen.storyboard */,
				502AAB8E287D266E00F2CBF7 /* Info.plist */,
			);
			path = Presentation;
			sourceTree = "<group>";
		};
		502AABE7287E1C4700F2CBF7 /* Frameworks */ = {
			isa = PBXGroup;
			children = (
				502AABE8287E1C4700F2CBF7 /* Domain.framework */,
			);
			name = Frameworks;
			sourceTree = "<group>";
		};
		502AABEC287E1EA700F2CBF7 /* News */ = {
			isa = PBXGroup;
			children = (
				502AAC02287E5A9000F2CBF7 /* Views */,
				502AABED287E1EC600F2CBF7 /* NewsPresenter.swift */,
				502AABF3287E20CE00F2CBF7 /* NewsRouter.swift */,
				502AABF5287E211500F2CBF7 /* NewsConfigurator.swift */,
			);
			path = News;
			sourceTree = "<group>";
		};
		502AAC02287E5A9000F2CBF7 /* Views */ = {
			isa = PBXGroup;
			children = (
				502AAC03287E5FE900F2CBF7 /* CustomViews */,
				502AABEF287E1FCC00F2CBF7 /* NewsViewController.swift */,
				502AABF0287E1FCC00F2CBF7 /* NewsViewController.xib */,
				502AAC1F287E7C9800F2CBF7 /* DetailNewViewController.swift */,
				502AAC20287E7C9800F2CBF7 /* DetailNewViewController.xib */,
			);
			path = Views;
			sourceTree = "<group>";
		};
		502AAC03287E5FE900F2CBF7 /* CustomViews */ = {
			isa = PBXGroup;
			children = (
				502AAC1B287E7C4200F2CBF7 /* NewTableViewCell.swift */,
				502AAC1C287E7C4200F2CBF7 /* NewTableViewCell.xib */,
			);
			path = CustomViews;
			sourceTree = "<group>";
		};
/* End PBXGroup section */

/* Begin PBXNativeTarget section */
		502AAB7C287D266D00F2CBF7 /* Presentation */ = {
			isa = PBXNativeTarget;
			buildConfigurationList = 502AAB91287D266E00F2CBF7 /* Build configuration list for PBXNativeTarget "Presentation" */;
			buildPhases = (
				502AAB79287D266D00F2CBF7 /* Sources */,
				502AAB7A287D266D00F2CBF7 /* Frameworks */,
				502AAB7B287D266D00F2CBF7 /* Resources */,
				502AABEB287E1C4700F2CBF7 /* Embed Frameworks */,
			);
			buildRules = (
			);
			dependencies = (
			);
			name = Presentation;
			productName = Presentation;
			productReference = 502AAB7D287D266D00F2CBF7 /* Presentation.app */;
			productType = "com.apple.product-type.application";
		};
/* End PBXNativeTarget section */

/* Begin PBXProject section */
		502AAB75287D266D00F2CBF7 /* Project object */ = {
			isa = PBXProject;
			attributes = {
				BuildIndependentTargetsInParallel = 1;
				LastSwiftUpdateCheck = 1330;
				LastUpgradeCheck = 1330;
				TargetAttributes = {
					502AAB7C287D266D00F2CBF7 = {
						CreatedOnToolsVersion = 13.3;
					};
				};
			};
			buildConfigurationList = 502AAB78287D266D00F2CBF7 /* Build configuration list for PBXProject "Presentation" */;
			compatibilityVersion = "Xcode 13.0";
			developmentRegion = en;
			hasScannedForEncodings = 0;
			knownRegions = (
				en,
				Base,
			);
			mainGroup = 502AAB74287D266D00F2CBF7;
			productRefGroup = 502AAB7E287D266D00F2CBF7 /* Products */;
			projectDirPath = "";
			projectRoot = "";
			targets = (
				502AAB7C287D266D00F2CBF7 /* Presentation */,
			);
		};
/* End PBXProject section */

/* Begin PBXResourcesBuildPhase section */
		502AAB7B287D266D00F2CBF7 /* Resources */ = {
			isa = PBXResourcesBuildPhase;
			buildActionMask = 2147483647;
			files = (
				502AAC22287E7C9800F2CBF7 /* DetailNewViewController.xib in Resources */,
				502AAB8D287D266E00F2CBF7 /* LaunchScreen.storyboard in Resources */,
				502AAB8A287D266E00F2CBF7 /* Assets.xcassets in Resources */,
				502AAC1E287E7C4200F2CBF7 /* NewTableViewCell.xib in Resources */,
				502AABF2287E1FCC00F2CBF7 /* NewsViewController.xib in Resources */,
			);
			runOnlyForDeploymentPostprocessing = 0;
		};
/* End PBXResourcesBuildPhase section */

/* Begin PBXSourcesBuildPhase section */
		502AAB79287D266D00F2CBF7 /* Sources */ = {
			isa = PBXSourcesBuildPhase;
			buildActionMask = 2147483647;
			files = (
				502AABF4287E20CE00F2CBF7 /* NewsRouter.swift in Sources */,
				502AAC21287E7C9800F2CBF7 /* DetailNewViewController.swift in Sources */,
				502AAB81287D266D00F2CBF7 /* AppDelegate.swift in Sources */,
				502AAB83287D266D00F2CBF7 /* SceneDelegate.swift in Sources */,
				502AABF1287E1FCC00F2CBF7 /* NewsViewController.swift in Sources */,
				502AABF6287E211500F2CBF7 /* NewsConfigurator.swift in Sources */,
				502AABEE287E1EC600F2CBF7 /* NewsPresenter.swift in Sources */,
				502AAC1D287E7C4200F2CBF7 /* NewTableViewCell.swift in Sources */,
			);
			runOnlyForDeploymentPostprocessing = 0;
		};
/* End PBXSourcesBuildPhase section */

/* Begin PBXVariantGroup section */
		502AAB8B287D266E00F2CBF7 /* LaunchScreen.storyboard */ = {
			isa = PBXVariantGroup;
			children = (
				502AAB8C287D266E00F2CBF7 /* Base */,
			);
			name = LaunchScreen.storyboard;
			sourceTree = "<group>";
		};
/* End PBXVariantGroup section */

/* Begin XCBuildConfiguration section */
		502AAB8F287D266E00F2CBF7 /* Debug */ = {
			isa = XCBuildConfiguration;
			buildSettings = {
				ALWAYS_SEARCH_USER_PATHS = NO;
				CLANG_ANALYZER_NONNULL = YES;
				CLANG_ANALYZER_NUMBER_OBJECT_CONVERSION = YES_AGGRESSIVE;
				CLANG_CXX_LANGUAGE_STANDARD = "gnu++17";
				CLANG_ENABLE_MODULES = YES;
				CLANG_ENABLE_OBJC_ARC = YES;
				CLANG_ENABLE_OBJC_WEAK = YES;
				CLANG_WARN_BLOCK_CAPTURE_AUTORELEASING = YES;
				CLANG_WARN_BOOL_CONVERSION = YES;
				CLANG_WARN_COMMA = YES;
				CLANG_WARN_CONSTANT_CONVERSION = YES;
				CLANG_WARN_DEPRECATED_OBJC_IMPLEMENTATIONS = YES;
				CLANG_WARN_DIRECT_OBJC_ISA_USAGE = YES_ERROR;
				CLANG_WARN_DOCUMENTATION_COMMENTS = YES;
				CLANG_WARN_EMPTY_BODY = YES;
				CLANG_WARN_ENUM_CONVERSION = YES;
				CLANG_WARN_INFINITE_RECURSION = YES;
				CLANG_WARN_INT_CONVERSION = YES;
				CLANG_WARN_NON_LITERAL_NULL_CONVERSION = YES;
				CLANG_WARN_OBJC_IMPLICIT_RETAIN_SELF = YES;
				CLANG_WARN_OBJC_LITERAL_CONVERSION = YES;
				CLANG_WARN_OBJC_ROOT_CLASS = YES_ERROR;
				CLANG_WARN_QUOTED_INCLUDE_IN_FRAMEWORK_HEADER = YES;
				CLANG_WARN_RANGE_LOOP_ANALYSIS = YES;
				CLANG_WARN_STRICT_PROTOTYPES = YES;
				CLANG_WARN_SUSPICIOUS_MOVE = YES;
				CLANG_WARN_UNGUARDED_AVAILABILITY = YES_AGGRESSIVE;
				CLANG_WARN_UNREACHABLE_CODE = YES;
				CLANG_WARN__DUPLICATE_METHOD_MATCH = YES;
				COPY_PHASE_STRIP = NO;
				DEBUG_INFORMATION_FORMAT = dwarf;
				ENABLE_STRICT_OBJC_MSGSEND = YES;
				ENABLE_TESTABILITY = YES;
				GCC_C_LANGUAGE_STANDARD = gnu11;
				GCC_DYNAMIC_NO_PIC = NO;
				GCC_NO_COMMON_BLOCKS = YES;
				GCC_OPTIMIZATION_LEVEL = 0;
				GCC_PREPROCESSOR_DEFINITIONS = (
					"DEBUG=1",
					"$(inherited)",
				);
				GCC_WARN_64_TO_32_BIT_CONVERSION = YES;
				GCC_WARN_ABOUT_RETURN_TYPE = YES_ERROR;
				GCC_WARN_UNDECLARED_SELECTOR = YES;
				GCC_WARN_UNINITIALIZED_AUTOS = YES_AGGRESSIVE;
				GCC_WARN_UNUSED_FUNCTION = YES;
				GCC_WARN_UNUSED_VARIABLE = YES;
				IPHONEOS_DEPLOYMENT_TARGET = 15.4;
				MTL_ENABLE_DEBUG_INFO = INCLUDE_SOURCE;
				MTL_FAST_MATH = YES;
				ONLY_ACTIVE_ARCH = YES;
				SDKROOT = iphoneos;
				SWIFT_ACTIVE_COMPILATION_CONDITIONS = DEBUG;
				SWIFT_OPTIMIZATION_LEVEL = "-Onone";
			};
			name = Debug;
		};
		502AAB90287D266E00F2CBF7 /* Release */ = {
			isa = XCBuildConfiguration;
			buildSettings = {
				ALWAYS_SEARCH_USER_PATHS = NO;
				CLANG_ANALYZER_NONNULL = YES;
				CLANG_ANALYZER_NUMBER_OBJECT_CONVERSION = YES_AGGRESSIVE;
				CLANG_CXX_LANGUAGE_STANDARD = "gnu++17";
				CLANG_ENABLE_MODULES = YES;
				CLANG_ENABLE_OBJC_ARC = YES;
				CLANG_ENABLE_OBJC_WEAK = YES;
				CLANG_WARN_BLOCK_CAPTURE_AUTORELEASING = YES;
				CLANG_WARN_BOOL_CONVERSION = YES;
				CLANG_WARN_COMMA = YES;
				CLANG_WARN_CONSTANT_CONVERSION = YES;
				CLANG_WARN_DEPRECATED_OBJC_IMPLEMENTATIONS = YES;
				CLANG_WARN_DIRECT_OBJC_ISA_USAGE = YES_ERROR;
				CLANG_WARN_DOCUMENTATION_COMMENTS = YES;
				CLANG_WARN_EMPTY_BODY = YES;
				CLANG_WARN_ENUM_CONVERSION = YES;
				CLANG_WARN_INFINITE_RECURSION = YES;
				CLANG_WARN_INT_CONVERSION = YES;
				CLANG_WARN_NON_LITERAL_NULL_CONVERSION = YES;
				CLANG_WARN_OBJC_IMPLICIT_RETAIN_SELF = YES;
				CLANG_WARN_OBJC_LITERAL_CONVERSION = YES;
				CLANG_WARN_OBJC_ROOT_CLASS = YES_ERROR;
				CLANG_WARN_QUOTED_INCLUDE_IN_FRAMEWORK_HEADER = YES;
				CLANG_WARN_RANGE_LOOP_ANALYSIS = YES;
				CLANG_WARN_STRICT_PROTOTYPES = YES;
				CLANG_WARN_SUSPICIOUS_MOVE = YES;
				CLANG_WARN_UNGUARDED_AVAILABILITY = YES_AGGRESSIVE;
				CLANG_WARN_UNREACHABLE_CODE = YES;
				CLANG_WARN__DUPLICATE_METHOD_MATCH = YES;
				COPY_PHASE_STRIP = NO;
				DEBUG_INFORMATION_FORMAT = "dwarf-with-dsym";
				ENABLE_NS_ASSERTIONS = NO;
				ENABLE_STRICT_OBJC_MSGSEND = YES;
				GCC_C_LANGUAGE_STANDARD = gnu11;
				GCC_NO_COMMON_BLOCKS = YES;
				GCC_WARN_64_TO_32_BIT_CONVERSION = YES;
				GCC_WARN_ABOUT_RETURN_TYPE = YES_ERROR;
				GCC_WARN_UNDECLARED_SELECTOR = YES;
				GCC_WARN_UNINITIALIZED_AUTOS = YES_AGGRESSIVE;
				GCC_WARN_UNUSED_FUNCTION = YES;
				GCC_WARN_UNUSED_VARIABLE = YES;
				IPHONEOS_DEPLOYMENT_TARGET = 15.4;
				MTL_ENABLE_DEBUG_INFO = NO;
				MTL_FAST_MATH = YES;
				SDKROOT = iphoneos;
				SWIFT_COMPILATION_MODE = wholemodule;
				SWIFT_OPTIMIZATION_LEVEL = "-O";
				VALIDATE_PRODUCT = YES;
			};
			name = Release;
		};
		502AAB92287D266E00F2CBF7 /* Debug */ = {
			isa = XCBuildConfiguration;
			buildSettings = {
				ASSETCATALOG_COMPILER_APPICON_NAME = AppIcon;
				ASSETCATALOG_COMPILER_GLOBAL_ACCENT_COLOR_NAME = AccentColor;
				CODE_SIGN_STYLE = Automatic;
				CURRENT_PROJECT_VERSION = 1;
				DEVELOPMENT_TEAM = QVC6Q8WBF8;
				GENERATE_INFOPLIST_FILE = YES;
				INFOPLIST_FILE = Presentation/Info.plist;
				INFOPLIST_KEY_CFBundleDisplayName = AppsNews;
				INFOPLIST_KEY_UIApplicationSupportsIndirectInputEvents = YES;
				INFOPLIST_KEY_UILaunchStoryboardName = LaunchScreen;
				INFOPLIST_KEY_UISupportedInterfaceOrientations_iPad = "UIInterfaceOrientationPortrait UIInterfaceOrientationPortraitUpsideDown UIInterfaceOrientationLandscapeLeft UIInterfaceOrientationLandscapeRight";
				INFOPLIST_KEY_UISupportedInterfaceOrientations_iPhone = "UIInterfaceOrientationPortrait UIInterfaceOrientationLandscapeLeft UIInterfaceOrientationLandscapeRight";
				IPHONEOS_DEPLOYMENT_TARGET = 15.0;
				LD_RUNPATH_SEARCH_PATHS = (
					"$(inherited)",
					"@executable_path/Frameworks",
				);
				MARKETING_VERSION = 1.0;
				PRODUCT_BUNDLE_IDENTIFIER = jcapasix.Presentation;
				PRODUCT_NAME = "$(TARGET_NAME)";
				SWIFT_EMIT_LOC_STRINGS = YES;
				SWIFT_VERSION = 5.0;
				TARGETED_DEVICE_FAMILY = 1;
			};
			name = Debug;
		};
		502AAB93287D266E00F2CBF7 /* Release */ = {
			isa = XCBuildConfiguration;
			buildSettings = {
				ASSETCATALOG_COMPILER_APPICON_NAME = AppIcon;
				ASSETCATALOG_COMPILER_GLOBAL_ACCENT_COLOR_NAME = AccentColor;
				CODE_SIGN_STYLE = Automatic;
				CURRENT_PROJECT_VERSION = 1;
				DEVELOPMENT_TEAM = QVC6Q8WBF8;
				GENERATE_INFOPLIST_FILE = YES;
				INFOPLIST_FILE = Presentation/Info.plist;
				INFOPLIST_KEY_CFBundleDisplayName = AppsNews;
				INFOPLIST_KEY_UIApplicationSupportsIndirectInputEvents = YES;
				INFOPLIST_KEY_UILaunchStoryboardName = LaunchScreen;
				INFOPLIST_KEY_UISupportedInterfaceOrientations_iPad = "UIInterfaceOrientationPortrait UIInterfaceOrientationPortraitUpsideDown UIInterfaceOrientationLandscapeLeft UIInterfaceOrientationLandscapeRight";
				INFOPLIST_KEY_UISupportedInterfaceOrientations_iPhone = "UIInterfaceOrientationPortrait UIInterfaceOrientationLandscapeLeft UIInterfaceOrientationLandscapeRight";
				IPHONEOS_DEPLOYMENT_TARGET = 15.0;
				LD_RUNPATH_SEARCH_PATHS = (
					"$(inherited)",
					"@executable_path/Frameworks",
				);
				MARKETING_VERSION = 1.0;
				PRODUCT_BUNDLE_IDENTIFIER = jcapasix.Presentation;
				PRODUCT_NAME = "$(TARGET_NAME)";
				SWIFT_EMIT_LOC_STRINGS = YES;
				SWIFT_VERSION = 5.0;
				TARGETED_DEVICE_FAMILY = 1;
			};
			name = Release;
		};
/* End XCBuildConfiguration section */

/* Begin XCConfigurationList section */
		502AAB78287D266D00F2CBF7 /* Build configuration list for PBXProject "Presentation" */ = {
			isa = XCConfigurationList;
			buildConfigurations = (
				502AAB8F287D266E00F2CBF7 /* Debug */,
				502AAB90287D266E00F2CBF7 /* Release */,
			);
			defaultConfigurationIsVisible = 0;
			defaultConfigurationName = Release;
		};
		502AAB91287D266E00F2CBF7 /* Build configuration list for PBXNativeTarget "Presentation" */ = {
			isa = XCConfigurationList;
			buildConfigurations = (
				502AAB92287D266E00F2CBF7 /* Debug */,
				502AAB93287D266E00F2CBF7 /* Release */,
			);
			defaultConfigurationIsVisible = 0;
			defaultConfigurationName = Release;
		};
/* End XCConfigurationList section */
	};
	rootObject = 502AAB75287D266D00F2CBF7 /* Project object */;
}
